
Microsoft Visual Studio Solution File, Format Version 12.00
# Visual Studio Version 17
VisualStudioVersion = 17.1.32210.238
MinimumVisualStudioVersion = 10.0.40219.1
Project("{8BC9CEB8-8B4A-11D0-8D11-00A0C91BC942}") = "W4_Frozen_220316", "W4_Frozen_220316\W4_Frozen_220316.vcxproj", "{418C7517-A423-40E9-AD71-77DC124EC665}"
EndProject
Global
	GlobalSection(SolutionConfigurationPlatforms) = preSolution
		Debug|x64 = Debug|x64
		Debug|x86 = Debug|x86
		Release|x64 = Release|x64
		Release|x86 = Release|x86
	EndGlobalSection
	GlobalSection(ProjectConfigurationPlatforms) = postSolution
		{418C7517-A423-40E9-AD71-77DC124EC665}.Debug|x64.ActiveCfg = Debug|x64
		{418C7517-A423-40E9-AD71-77DC124EC665}.Debug|x64.Build.0 = Debug|x64
		{418C7517-A423-40E9-AD71-77DC124EC665}.Debug|x86.ActiveCfg = Debug|Win32
		{418C7517-A423-40E9-AD71-77DC124EC665}.Debug|x86.Build.0 = Debug|Win32
		{418C7517-A423-40E9-AD71-77DC124EC665}.Release|x64.ActiveCfg = Release|x64
		{418C7517-A423-40E9-AD71-77DC124EC665}.Release|x64.Build.0 = Release|x64
		{418C7517-A423-40E9-AD71-77DC124EC665}.Release|x86.ActiveCfg = Release|Win32
		{418C7517-A423-40E9-AD71-77DC124EC665}.Release|x86.Build.0 = Release|Win32
	EndGlobalSection
	GlobalSection(SolutionProperties) = preSolution
		HideSolutionNode = FALSE
	EndGlobalSection
	GlobalSection(ExtensibilityGlobals) = postSolution
		SolutionGuid = {44FC31D2-5F24-44CA-BDD3-68180461F4C2}
	EndGlobalSection
EndGlobal
